// !$*UTF8*$!
{
	archiveVersion = 1;
	classes = {
	};
	objectVersion = 46;
	objects = {

/* Begin PBXBuildFile section */
		04E4CD701CD4BAC7001A4ACB /* main.m in Sources */ = {isa = PBXBuildFile; fileRef = 04E4CD6F1CD4BAC7001A4ACB /* main.m */; };
		04E4CD731CD4BAC7001A4ACB /* AppDelegate.m in Sources */ = {isa = PBXBuildFile; fileRef = 04E4CD721CD4BAC7001A4ACB /* AppDelegate.m */; };
		04E4CD761CD4BAC7001A4ACB /* ViewController.m in Sources */ = {isa = PBXBuildFile; fileRef = 04E4CD751CD4BAC7001A4ACB /* ViewController.m */; };
		04E4CD791CD4BAC7001A4ACB /* Main.storyboard in Resources */ = {isa = PBXBuildFile; fileRef = 04E4CD771CD4BAC7001A4ACB /* Main.storyboard */; };
		04E4CD7B1CD4BAC7001A4ACB /* Assets.xcassets in Resources */ = {isa = PBXBuildFile; fileRef = 04E4CD7A1CD4BAC7001A4ACB /* Assets.xcassets */; };
		04E4CD7E1CD4BAC7001A4ACB /* LaunchScreen.storyboard in Resources */ = {isa = PBXBuildFile; fileRef = 04E4CD7C1CD4BAC7001A4ACB /* LaunchScreen.storyboard */; };
/* End PBXBuildFile section */

/* Begin PBXFileReference section */
		04E4CD6B1CD4BAC7001A4ACB /* 城市搜索数据库.app */ = {isa = PBXFileReference; explicitFileType = wrapper.application; includeInIndex = 0; path = "城市搜索数据库.app"; sourceTree = BUILT_PRODUCTS_DIR; };
		04E4CD6F1CD4BAC7001A4ACB /* main.m */ = {isa = PBXFileReference; lastKnownFileType = sourcecode.c.objc; path = main.m; sourceTree = "<group>"; };
		04E4CD711CD4BAC7001A4ACB /* AppDelegate.h */ = {isa = PBXFileReference; lastKnownFileType = sourcecode.c.h; path = AppDelegate.h; sourceTree = "<group>"; };
		04E4CD721CD4BAC7001A4ACB /* AppDelegate.m */ = {isa = PBXFileReference; lastKnownFileType = sourcecode.c.objc; path = AppDelegate.m; sourceTree = "<group>"; };
		04E4CD741CD4BAC7001A4ACB /* ViewController.h */ = {isa = PBXFileReference; lastKnownFileType = sourcecode.c.h; path = ViewController.h; sourceTree = "<group>"; };
		04E4CD751CD4BAC7001A4ACB /* ViewController.m */ = {isa = PBXFileReference; lastKnownFileType = sourcecode.c.objc; path = ViewController.m; sourceTree = "<group>"; };
		04E4CD781CD4BAC7001A4ACB /* Base */ = {isa = PBXFileReference; lastKnownFileType = file.storyboard; name = Base; path = Base.lproj/Main.storyboard; sourceTree = "<group>"; };
		04E4CD7A1CD4BAC7001A4ACB /* Assets.xcassets */ = {isa = PBXFileReference; lastKnownFileType = folder.assetcatalog; path = Assets.xcassets; sourceTree = "<group>"; };
		04E4CD7D1CD4BAC7001A4ACB /* Base */ = {isa = PBXFileReference; lastKnownFileType = file.storyboard; name = Base; path = Base.lproj/LaunchScreen.storyboard; sourceTree = "<group>"; };
		04E4CD7F1CD4BAC7001A4ACB /* Info.plist */ = {isa = PBXFileReference; lastKnownFileType = text.plist.xml; path = Info.plist; sourceTree = "<group>"; };
/* End PBXFileReference section */

/* Begin PBXFrameworksBuildPhase section */
		04E4CD681CD4BAC7001A4ACB /* Frameworks */ = {
			isa = PBXFrameworksBuildPhase;
			buildActionMask = 2147483647;
			files = (
			);
			runOnlyForDeploymentPostprocessing = 0;
		};
/* End PBXFrameworksBuildPhase section */

/* Begin PBXGroup section */
		04E4CD621CD4BAC7001A4ACB = {
			isa = PBXGroup;
			children = (
				04E4CD6D1CD4BAC7001A4ACB /* 城市搜索数据库 */,
				04E4CD6C1CD4BAC7001A4ACB /* Products */,
			);
			sourceTree = "<group>";
		};
		04E4CD6C1CD4BAC7001A4ACB /* Products */ = {
			isa = PBXGroup;
			children = (
				04E4CD6B1CD4BAC7001A4ACB /* 城市搜索数据库.app */,
			);
			name = Products;
			sourceTree = "<group>";
		};
		04E4CD6D1CD4BAC7001A4ACB /* 城市搜索数据库 */ = {
			isa = PBXGroup;
			children = (
				04E4CD711CD4BAC7001A4ACB /* AppDelegate.h */,
				04E4CD721CD4BAC7001A4ACB /* AppDelegate.m */,
				04E4CD741CD4BAC7001A4ACB /* ViewController.h */,
				04E4CD751CD4BAC7001A4ACB /* ViewController.m */,
				04E4CD771CD4BAC7001A4ACB /* Main.storyboard */,
				04E4CD7A1CD4BAC7001A4ACB /* Assets.xcassets */,
				04E4CD7C1CD4BAC7001A4ACB /* LaunchScreen.storyboard */,
				04E4CD7F1CD4BAC7001A4ACB /* Info.plist */,
				04E4CD6E1CD4BAC7001A4ACB /* Supporting Files */,
			);
			path = "城市搜索数据库";
			sourceTree = "<group>";
		};
		04E4CD6E1CD4BAC7001A4ACB /* Supporting Files */ = {
			isa = PBXGroup;
			children = (
				04E4CD6F1CD4BAC7001A4ACB /* main.m */,
			);
			name = "Supporting Files";
			sourceTree = "<group>";
		};
/* End PBXGroup section */

/* Begin PBXNativeTarget section */
		04E4CD6A1CD4BAC7001A4ACB /* 城市搜索数据库 */ = {
			isa = PBXNativeTarget;
			buildConfigurationList = 04E4CD821CD4BAC7001A4ACB /* Build configuration list for PBXNativeTarget "城市搜索数据库" */;
			buildPhases = (
				04E4CD671CD4BAC7001A4ACB /* Sources */,
				04E4CD681CD4BAC7001A4ACB /* Frameworks */,
				04E4CD691CD4BAC7001A4ACB /* Resources */,
			);
			buildRules = (
			);
			dependencies = (
			);
			name = "城市搜索数据库";
			productName = "城市搜索数据库";
			productReference = 04E4CD6B1CD4BAC7001A4ACB /* 城市搜索数据库.app */;
			productType = "com.apple.product-type.application";
		};
/* End PBXNativeTarget section */

/* Begin PBXProject section */
		04E4CD631CD4BAC7001A4ACB /* Project object */ = {
			isa = PBXProject;
			attributes = {
				LastUpgradeCheck = 0730;
				ORGANIZATIONNAME = mac;
				TargetAttributes = {
					04E4CD6A1CD4BAC7001A4ACB = {
						CreatedOnToolsVersion = 7.3;
					};
				};
			};
			buildConfigurationList = 04E4CD661CD4BAC7001A4ACB /* Build configuration list for PBXProject "城市搜索数据库" */;
			compatibilityVersion = "Xcode 3.2";
			developmentRegion = English;
			hasScannedForEncodings = 0;
			knownRegions = (
				en,
				Base,
			);
			mainGroup = 04E4CD621CD4BAC7001A4ACB;
			productRefGroup = 04E4CD6C1CD4BAC7001A4ACB /* Products */;
			projectDirPath = "";
			projectRoot = "";
			targets = (
				04E4CD6A1CD4BAC7001A4ACB /* 城市搜索数据库 */,
			);
		};
/* End PBXProject section */

/* Begin PBXResourcesBuildPhase section */
		04E4CD691CD4BAC7001A4ACB /* Resources */ = {
			isa = PBXResourcesBuildPhase;
			buildActionMask = 2147483647;
			files = (
				04E4CD7E1CD4BAC7001A4ACB /* LaunchScreen.storyboard in Resources */,
				04E4CD7B1CD4BAC7001A4ACB /* Assets.xcassets in Resources */,
				04E4CD791CD4BAC7001A4ACB /* Main.storyboard in Resources */,
			);
			runOnlyForDeploymentPostprocessing = 0;
		};
/* End PBXResourcesBuildPhase section */

/* Begin PBXSourcesBuildPhase section */
		04E4CD671CD4BAC7001A4ACB /* Sources */ = {
			isa = PBXSourcesBuildPhase;
			buildActionMask = 2147483647;
			files = (
				04E4CD761CD4BAC7001A4ACB /* ViewController.m in Sources */,
				04E4CD731CD4BAC7001A4ACB /* AppDelegate.m in Sources */,
				04E4CD701CD4BAC7001A4ACB /* main.m in Sources */,
			);
			runOnlyForDeploymentPostprocessing = 0;
		};
/* End PBXSourcesBuildPhase section */

/* Begin PBXVariantGroup section */
		04E4CD771CD4BAC7001A4ACB /* Main.storyboard */ = {
			isa = PBXVariantGroup;
			children = (
				04E4CD781CD4BAC7001A4ACB /* Base */,
			);
			name = Main.storyboard;
			sourceTree = "<group>";
		};
		04E4CD7C1CD4BAC7001A4ACB /* LaunchScreen.storyboard */ = {
			isa = PBXVariantGroup;
			children = (
				04E4CD7D1CD4BAC7001A4ACB /* Base */,
			);
			name = LaunchScreen.storyboard;
			sourceTree = "<group>";
		};
/* End PBXVariantGroup section */

/* Begin XCBuildConfiguration section */
		04E4CD801CD4BAC7001A4ACB /* Debug */ = {
			isa = XCBuildConfiguration;
			buildSettings = {
				ALWAYS_SEARCH_USER_PATHS = NO;
				CLANG_ANALYZER_NONNULL = YES;
				CLANG_CXX_LANGUAGE_STANDARD = "gnu++0x";
				CLANG_CXX_LIBRARY = "libc++";
				CLANG_ENABLE_MODULES = YES;
				CLANG_ENABLE_OBJC_ARC = YES;
				CLANG_WARN_BOOL_CONVERSION = YES;
				CLANG_WARN_CONSTANT_CONVERSION = YES;
				CLANG_WARN_DIRECT_OBJC_ISA_USAGE = YES_ERROR;
				CLANG_WARN_EMPTY_BODY = YES;
				CLANG_WARN_ENUM_CONVERSION = YES;
				CLANG_WARN_INT_CONVERSION = YES;
				CLANG_WARN_OBJC_ROOT_CLASS = YES_ERROR;
				CLANG_WARN_UNREACHABLE_CODE = YES;
				CLANG_WARN__DUPLICATE_METHOD_MATCH = YES;
				"CODE_SIGN_IDENTITY[sdk=iphoneos*]" = "iPhone Developer";
				COPY_PHASE_STRIP = NO;
				DEBUG_INFORMATION_FORMAT = dwarf;
				ENABLE_STRICT_OBJC_MSGSEND = YES;
				ENABLE_TESTABILITY = YES;
				GCC_C_LANGUAGE_STANDARD = gnu99;
				GCC_DYNAMIC_NO_PIC = NO;
				GCC_NO_COMMON_BLOCKS = YES;
				GCC_OPTIMIZATION_LEVEL = 0;
				GCC_PREPROCESSOR_DEFINITIONS = (
					"DEBUG=1",
					"$(inherited)",
				);
				GCC_WARN_64_TO_32_BIT_CONVERSION = YES;
				GCC_WARN_ABOUT_RETURN_TYPE = YES_ERROR;
				GCC_WARN_UNDECLARED_SELECTOR = YES;
				GCC_WARN_UNINITIALIZED_AUTOS = YES_AGGRESSIVE;
				GCC_WARN_UNUSED_FUNCTION = YES;
				GCC_WARN_UNUSED_VARIABLE = YES;
				IPHONEOS_DEPLOYMENT_TARGET = 9.3;
				MTL_ENABLE_DEBUG_INFO = YES;
				ONLY_ACTIVE_ARCH = YES;
				SDKROOT = iphoneos;
				TARGETED_DEVICE_FAMILY = "1,2";
			};
			name = Debug;
		};
		04E4CD811CD4BAC7001A4ACB /* Release */ = {
			isa = XCBuildConfiguration;
			buildSettings = {
				ALWAYS_SEARCH_USER_PATHS = NO;
				CLANG_ANALYZER_NONNULL = YES;
				CLANG_CXX_LANGUAGE_STANDARD = "gnu++0x";
				CLANG_CXX_LIBRARY = "libc++";
				CLANG_ENABLE_MODULES = YES;
				CLANG_ENABLE_OBJC_ARC = YES;
				CLANG_WARN_BOOL_CONVERSION = YES;
				CLANG_WARN_CONSTANT_CONVERSION = YES;
				CLANG_WARN_DIRECT_OBJC_ISA_USAGE = YES_ERROR;
				CLANG_WARN_EMPTY_BODY = YES;
				CLANG_WARN_ENUM_CONVERSION = YES;
				CLANG_WARN_INT_CONVERSION = YES;
				CLANG_WARN_OBJC_ROOT_CLASS = YES_ERROR;
				CLANG_WARN_UNREACHABLE_CODE = YES;
				CLANG_WARN__DUPLICATE_METHOD_MATCH = YES;
				"CODE_SIGN_IDENTITY[sdk=iphoneos*]" = "iPhone Developer";
				COPY_PHASE_STRIP = NO;
				DEBUG_INFORMATION_FORMAT = "dwarf-with-dsym";
				ENABLE_NS_ASSERTIONS = NO;
				ENABLE_STRICT_OBJC_MSGSEND = YES;
				GCC_C_LANGUAGE_STANDARD = gnu99;
				GCC_NO_COMMON_BLOCKS = YES;
				GCC_WARN_64_TO_32_BIT_CONVERSION = YES;
				GCC_WARN_ABOUT_RETURN_TYPE = YES_ERROR;
				GCC_WARN_UNDECLARED_SELECTOR = YES;
				GCC_WARN_UNINITIALIZED_AUTOS = YES_AGGRESSIVE;
				GCC_WARN_UNUSED_FUNCTION = YES;
				GCC_WARN_UNUSED_VARIABLE = YES;
				IPHONEOS_DEPLOYMENT_TARGET = 9.3;
				MTL_ENABLE_DEBUG_INFO = NO;
				SDKROOT = iphoneos;
				TARGETED_DEVICE_FAMILY = "1,2";
				VALIDATE_PRODUCT = YES;
			};
			name = Release;
		};
		04E4CD831CD4BAC7001A4ACB /* Debug */ = {
			isa = XCBuildConfiguration;
			buildSettings = {
				ASSETCATALOG_COMPILER_APPICON_NAME = AppIcon;
				INFOPLIST_FILE = "城市搜索数据库/Info.plist";
				LD_RUNPATH_SEARCH_PATHS = "$(inherited) @executable_path/Frameworks";
				PRODUCT_BUNDLE_IDENTIFIER = "com.scl.-------";
				PRODUCT_NAME = "$(TARGET_NAME)";
			};
			name = Debug;
		};
		04E4CD841CD4BAC7001A4ACB /* Release */ = {
			isa = XCBuildConfiguration;
			buildSettings = {
				ASSETCATALOG_COMPILER_APPICON_NAME = AppIcon;
				INFOPLIST_FILE = "城市搜索数据库/Info.plist";
				LD_RUNPATH_SEARCH_PATHS = "$(inherited) @executable_path/Frameworks";
				PRODUCT_BUNDLE_IDENTIFIER = "com.scl.-------";
				PRODUCT_NAME = "$(TARGET_NAME)";
			};
			name = Release;
		};
/* End XCBuildConfiguration section */

/* Begin XCConfigurationList section */
		04E4CD661CD4BAC7001A4ACB /* Build configuration list for PBXProject "城市搜索数据库" */ = {
			isa = XCConfigurationList;
			buildConfigurations = (
				04E4CD801CD4BAC7001A4ACB /* Debug */,
				04E4CD811CD4BAC7001A4ACB /* Release */,
			);
			defaultConfigurationIsVisible = 0;
			defaultConfigurationName = Release;
		};
		04E4CD821CD4BAC7001A4ACB /* Build configuration list for PBXNativeTarget "城市搜索数据库" */ = {
			isa = XCConfigurationList;
			buildConfigurations = (
				04E4CD831CD4BAC7001A4ACB /* Debug */,
				04E4CD841CD4BAC7001A4ACB /* Release */,
			);
			defaultConfigurationIsVisible = 0;
		};
/* End XCConfigurationList section */
	};
	rootObject = 04E4CD631CD4BAC7001A4ACB /* Project object */;
}
